
Microsoft Visual Studio Solution File, Format Version 12.00
# Visual Studio 15
VisualStudioVersion = 15.0.26403.7
MinimumVisualStudioVersion = 10.0.40219.1
Project("{FAE04EC0-301F-11D3-BF4B-00C04F79EFBC}") = "AzureBillingApi", "AzureBillingApi\AzureBillingApi.csproj", "{EA1352EE-05DC-4937-830F-50C080C213CE}"
EndProject
Project("{FAE04EC0-301F-11D3-BF4B-00C04F79EFBC}") = "AzureBillingApi.ConsoleSample", "AzureBillingApi.ConsoleSample\AzureBillingApi.ConsoleSample.csproj", "{79D8D46C-3FE0-44BE-9E41-D37703479EED}"
EndProject
Project("{2150E333-8FDC-42A3-9474-1A3956D46DE8}") = "Solution Items", "Solution Items", "{1E3969BF-444D-4B57-95D1-CD4C9D08C0E1}"
	ProjectSection(SolutionItems) = preProject
		README.md = README.md
	EndProjectSection
EndProject
Project("{2150E333-8FDC-42A3-9474-1A3956D46DE8}") = "Samples", "Samples", "{C221523C-7973-4B9D-8B87-D8AEBA8569D8}"
EndProject
Project("{2150E333-8FDC-42A3-9474-1A3956D46DE8}") = "Tests", "Tests", "{79C4D2F3-598F-4115-B6FA-CE356E4F106F}"
EndProject
Project("{FAE04EC0-301F-11D3-BF4B-00C04F79EFBC}") = "AzureBillingApi.Tests", "AzureBillingApi.Tests\AzureBillingApi.Tests.csproj", "{7D145849-5F0F-4409-AEB4-D11EB624D2C8}"
EndProject
Global
	GlobalSection(SolutionConfigurationPlatforms) = preSolution
		Debug|Any CPU = Debug|Any CPU
		Release|Any CPU = Release|Any CPU
	EndGlobalSection
	GlobalSection(ProjectConfigurationPlatforms) = postSolution
		{EA1352EE-05DC-4937-830F-50C080C213CE}.Debug|Any CPU.ActiveCfg = Debug|Any CPU
		{EA1352EE-05DC-4937-830F-50C080C213CE}.Debug|Any CPU.Build.0 = Debug|Any CPU
		{EA1352EE-05DC-4937-830F-50C080C213CE}.Release|Any CPU.ActiveCfg = Release|Any CPU
		{EA1352EE-05DC-4937-830F-50C080C213CE}.Release|Any CPU.Build.0 = Release|Any CPU
		{79D8D46C-3FE0-44BE-9E41-D37703479EED}.Debug|Any CPU.ActiveCfg = Debug|Any CPU
		{79D8D46C-3FE0-44BE-9E41-D37703479EED}.Debug|Any CPU.Build.0 = Debug|Any CPU
		{79D8D46C-3FE0-44BE-9E41-D37703479EED}.Release|Any CPU.ActiveCfg = Release|Any CPU
		{79D8D46C-3FE0-44BE-9E41-D37703479EED}.Release|Any CPU.Build.0 = Release|Any CPU
		{7D145849-5F0F-4409-AEB4-D11EB624D2C8}.Debug|Any CPU.ActiveCfg = Debug|Any CPU
		{7D145849-5F0F-4409-AEB4-D11EB624D2C8}.Debug|Any CPU.Build.0 = Debug|Any CPU
		{7D145849-5F0F-4409-AEB4-D11EB624D2C8}.Release|Any CPU.ActiveCfg = Release|Any CPU
		{7D145849-5F0F-4409-AEB4-D11EB624D2C8}.Release|Any CPU.Build.0 = Release|Any CPU
	EndGlobalSection
	GlobalSection(SolutionProperties) = preSolution
		HideSolutionNode = FALSE
	EndGlobalSection
	GlobalSection(NestedProjects) = preSolution
		{79D8D46C-3FE0-44BE-9E41-D37703479EED} = {C221523C-7973-4B9D-8B87-D8AEBA8569D8}
		{7D145849-5F0F-4409-AEB4-D11EB624D2C8} = {79C4D2F3-598F-4115-B6FA-CE356E4F106F}
	EndGlobalSection
EndGlobal
